
Microsoft Visual Studio Solution File, Format Version 12.00
# Visual Studio Version 17
VisualStudioVersion = 17.0.31903.59
MinimumVisualStudioVersion = 10.0.40219.1
Project("{FAE04EC0-301F-11D3-BF4B-00C04F79EFBC}") = "GoogleSheetsService.Tests", "..\GoogleSheetsService.Tests\GoogleSheetsService.Tests.csproj", "{36E01D67-85A8-4E18-A3D3-D90FA9720834}"
EndProject
Project("{FAE04EC0-301F-11D3-BF4B-00C04F79EFBC}") = "GoogleSheetsService", "src\GoogleSheetsService.csproj", "{3621EAD8-6535-4831-8A09-500B73526D44}"
EndProject
Global
	GlobalSection(SolutionConfigurationPlatforms) = preSolution
		Debug|Any CPU = Debug|Any CPU
		Release|Any CPU = Release|Any CPU
	EndGlobalSection
	GlobalSection(ProjectConfigurationPlatforms) = postSolution
		{36E01D67-85A8-4E18-A3D3-D90FA9720834}.Debug|Any CPU.ActiveCfg = Debug|Any CPU
		{36E01D67-85A8-4E18-A3D3-D90FA9720834}.Debug|Any CPU.Build.0 = Debug|Any CPU
		{36E01D67-85A8-4E18-A3D3-D90FA9720834}.Release|Any CPU.ActiveCfg = Release|Any CPU
		{36E01D67-85A8-4E18-A3D3-D90FA9720834}.Release|Any CPU.Build.0 = Release|Any CPU
		{3621EAD8-6535-4831-8A09-500B73526D44}.Debug|Any CPU.ActiveCfg = Debug|Any CPU
		{3621EAD8-6535-4831-8A09-500B73526D44}.Debug|Any CPU.Build.0 = Debug|Any CPU
		{3621EAD8-6535-4831-8A09-500B73526D44}.Release|Any CPU.ActiveCfg = Release|Any CPU
		{3621EAD8-6535-4831-8A09-500B73526D44}.Release|Any CPU.Build.0 = Release|Any CPU
	EndGlobalSection
	GlobalSection(SolutionProperties) = preSolution
		HideSolutionNode = FALSE
	EndGlobalSection
EndGlobal
